version = 1
requires-python = ">=3.12"

[[package]]
name = "dino-raw"
version = "0.1.0"
source = { virtual = "." }
dependencies = [
    { name = "neat-python" },
    { name = "pygame" },
    { name = "ruff" },
]

[package.metadata]
requires-dist = [
    { name = "neat-python", specifier = ">=0.92" },
    { name = "pygame", specifier = ">=2.6.1" },
    { name = "ruff", specifier = ">=0.15.10" },
]

[[package]]
name = "neat-python"
version = "2.0.0"
source = { registry = "https://pypi.org/simple" }
sdist = { url = "https://files.pythonhosted.org/packages/78/2d/6d3d96cde074bcbdc3fae08383bb6a9b2da2f98c405d16acceccc36c14c3/neat_python-2.0.0.tar.gz", hash = "sha256:fcfb5020aa3df5c12638865296589159939db08e9aa4191d9cf4e5b242a5d9cf", size = 126031 }
wheels = [
    { url = "https://files.pythonhosted.org/packages/b2/a6/e85e39f593e3bd8ccc2dc57abf60c9a51fbc542616531629d988c05de484/neat_python-2.0.0-py3-none-any.whl", hash = "sha256:4ba18bec7b1d1dfa659348e28156f36007ebc111d46eb4ddc07a128377b459f7", size = 54056 },
]

[[package]]
name = "pygame"
version = "2.6.1"
source = { registry = "https://pypi.org/simple" }
sdist = { url = "https://files.pythonhosted.org/packages/49/cc/08bba60f00541f62aaa252ce0cfbd60aebd04616c0b9574f755b583e45ae/pygame-2.6.1.tar.gz", hash = "sha256:56fb02ead529cee00d415c3e007f75e0780c655909aaa8e8bf616ee09c9feb1f", size = 14808125 }
wheels = [
    { url = "https://files.pythonhosted.org/packages/92/16/2c602c332f45ff9526d61f6bd764db5096ff9035433e2172e2d2cadae8db/pygame-2.6.1-cp312-cp312-macosx_10_9_x86_64.whl", hash = "sha256:4ee7f2771f588c966fa2fa8b829be26698c9b4836f82ede5e4edc1a68594942e", size = 13118279 },
    { url = "https://files.pythonhosted.org/packages/cd/53/77ccbc384b251c6e34bfd2e734c638233922449a7844e3c7a11ef91cee39/pygame-2.6.1-cp312-cp312-macosx_11_0_arm64.whl", hash = "sha256:c8040ea2ab18c6b255af706ec01355c8a6b08dc48d77fd4ee783f8fc46a843bf", size = 12384524 },
    { url = "https://files.pythonhosted.org/packages/06/be/3ed337583f010696c3b3435e89a74fb29d0c74d0931e8f33c0a4246307a9/pygame-2.6.1-cp312-cp312-manylinux_2_17_aarch64.manylinux2014_aarch64.whl", hash = "sha256:c47a6938de93fa610accd4969e638c2aebcb29b2fca518a84c3a39d91ab47116", size = 13587123 },
    { url = "https://files.pythonhosted.org/packages/fd/ca/b015586a450db59313535662991b34d24c1f0c0dc149cc5f496573900f4e/pygame-2.6.1-cp312-cp312-manylinux_2_17_i686.manylinux2014_i686.whl", hash = "sha256:33006f784e1c7d7e466fcb61d5489da59cc5f7eb098712f792a225df1d4e229d", size = 14275532 },
    { url = "https://files.pythonhosted.org/packages/b9/f2/d31e6ad42d657af07be2ffd779190353f759a07b51232b9e1d724f2cda46/pygame-2.6.1-cp312-cp312-manylinux_2_17_x86_64.manylinux2014_x86_64.whl", hash = "sha256:1206125f14cae22c44565c9d333607f1d9f59487b1f1432945dfc809aeaa3e88", size = 13952653 },
    { url = "https://files.pythonhosted.org/packages/f3/42/8ea2a6979e6fa971702fece1747e862e2256d4a8558fe0da6364dd946c53/pygame-2.6.1-cp312-cp312-win32.whl", hash = "sha256:84fc4054e25262140d09d39e094f6880d730199710829902f0d8ceae0213379e", size = 10252421 },
    { url = "https://files.pythonhosted.org/packages/5f/90/7d766d54bb95939725e9a9361f9c06b0cfbe3fe100aa35400f0a461a278a/pygame-2.6.1-cp312-cp312-win_amd64.whl", hash = "sha256:3a9e7396be0d9633831c3f8d5d82dd63ba373ad65599628294b7a4f8a5a01a65", size = 10624591 },
    { url = "https://files.pythonhosted.org/packages/e1/91/718acf3e2a9d08a6ddcc96bd02a6f63c99ee7ba14afeaff2a51c987df0b9/pygame-2.6.1-cp313-cp313-macosx_10_13_x86_64.whl", hash = "sha256:ae6039f3a55d800db80e8010f387557b528d34d534435e0871326804df2a62f2", size = 13090765 },
    { url = "https://files.pythonhosted.org/packages/0e/c6/9cb315de851a7682d9c7568a41ea042ee98d668cb8deadc1dafcab6116f0/pygame-2.6.1-cp313-cp313-macosx_11_0_arm64.whl", hash = "sha256:2a3a1288e2e9b1e5834e425bedd5ba01a3cd4902b5c2bff8ed4a740ccfe98171", size = 12381704 },
    { url = "https://files.pythonhosted.org/packages/9f/8f/617a1196e31ae3b46be6949fbaa95b8c93ce15e0544266198c2266cc1b4d/pygame-2.6.1-cp313-cp313-manylinux_2_17_aarch64.manylinux2014_aarch64.whl", hash = "sha256:27eb17e3dc9640e4b4683074f1890e2e879827447770470c2aba9f125f74510b", size = 13581091 },
    { url = "https://files.pythonhosted.org/packages/3b/87/2851a564e40a2dad353f1c6e143465d445dab18a95281f9ea458b94f3608/pygame-2.6.1-cp313-cp313-manylinux_2_17_i686.manylinux2014_i686.whl", hash = "sha256:4c1623180e70a03c4a734deb9bac50fc9c82942ae84a3a220779062128e75f3b", size = 14273844 },
    { url = "https://files.pythonhosted.org/packages/85/b5/aa23aa2e70bcba42c989c02e7228273c30f3b44b9b264abb93eaeff43ad7/pygame-2.6.1-cp313-cp313-manylinux_2_17_x86_64.manylinux2014_x86_64.whl", hash = "sha256:ef07c0103d79492c21fced9ad68c11c32efa6801ca1920ebfd0f15fb46c78b1c", size = 13951197 },
    { url = "https://files.pythonhosted.org/packages/a6/06/29e939b34d3f1354738c7d201c51c250ad7abefefaf6f8332d962ff67c4b/pygame-2.6.1-cp313-cp313-win32.whl", hash = "sha256:3acd8c009317190c2bfd81db681ecef47d5eb108c2151d09596d9c7ea9df5c0e", size = 10249309 },
    { url = "https://files.pythonhosted.org/packages/7e/11/17f7f319ca91824b86557e9303e3b7a71991ef17fd45286bf47d7f0a38e6/pygame-2.6.1-cp313-cp313-win_amd64.whl", hash = "sha256:813af4fba5d0b2cb8e58f5d95f7910295c34067dcc290d34f1be59c48bd1ea6a", size = 10620084 },
]

[[package]]
name = "ruff"
version = "0.15.10"
source = { registry = "https://pypi.org/simple" }
sdist = { url = "https://files.pythonhosted.org/packages/e7/d9/aa3f7d59a10ef6b14fe3431706f854dbf03c5976be614a9796d36326810c/ruff-0.15.10.tar.gz", hash = "sha256:d1f86e67ebfdef88e00faefa1552b5e510e1d35f3be7d423dc7e84e63788c94e", size = 4631728 }
wheels = [
    { url = "https://files.pythonhosted.org/packages/eb/00/a1c2fdc9939b2c03691edbda290afcd297f1f389196172826b03d6b6a595/ruff-0.15.10-py3-none-linux_armv6l.whl", hash = "sha256:0744e31482f8f7d0d10a11fcbf897af272fefdfcb10f5af907b18c2813ff4d5f", size = 10563362 },
    { url = "https://files.pythonhosted.org/packages/5c/15/006990029aea0bebe9d33c73c3e28c80c391ebdba408d1b08496f00d422d/ruff-0.15.10-py3-none-macosx_10_12_x86_64.whl", hash = "sha256:b1e7c16ea0ff5a53b7c2df52d947e685973049be1cdfe2b59a9c43601897b22e", size = 10951122 },
    { url = "https://files.pythonhosted.org/packages/f2/c0/4ac978fe874d0618c7da647862afe697b281c2806f13ce904ad652fa87e4/ruff-0.15.10-py3-none-macosx_11_0_arm64.whl", hash = "sha256:93cc06a19e5155b4441dd72808fdf84290d84ad8a39ca3b0f994363ade4cebb1", size = 10314005 },
    { url = "https://files.pythonhosted.org/packages/da/73/c209138a5c98c0d321266372fc4e33ad43d506d7e5dd817dd89b60a8548f/ruff-0.15.10-py3-none-manylinux_2_17_aarch64.manylinux2014_aarch64.whl", hash = "sha256:83e1dd04312997c99ea6965df66a14fb4f03ba978564574ffc68b0d61fd3989e", size = 10643450 },
    { url = "https://files.pythonhosted.org/packages/ec/76/0deec355d8ec10709653635b1f90856735302cb8e149acfdf6f82a5feb70/ruff-0.15.10-py3-none-manylinux_2_17_armv7l.manylinux2014_armv7l.whl", hash = "sha256:8154d43684e4333360fedd11aaa40b1b08a4e37d8ffa9d95fee6fa5b37b6fab1", size = 10379597 },
    { url = "https://files.pythonhosted.org/packages/dc/be/86bba8fc8798c081e28a4b3bb6d143ccad3fd5f6f024f02002b8f08a9fa3/ruff-0.15.10-py3-none-manylinux_2_17_i686.manylinux2014_i686.whl", hash = "sha256:8ab88715f3a6deb6bde6c227f3a123410bec7b855c3ae331b4c006189e895cef", size = 11146645 },
    { url = "https://files.pythonhosted.org/packages/a8/89/140025e65911b281c57be1d385ba1d932c2366ca88ae6663685aed8d4881/ruff-0.15.10-py3-none-manylinux_2_17_ppc64le.manylinux2014_ppc64le.whl", hash = "sha256:a768ff5969b4f44c349d48edf4ab4f91eddb27fd9d77799598e130fb628aa158", size = 12030289 },
    { url = "https://files.pythonhosted.org/packages/88/de/ddacca9545a5e01332567db01d44bd8cf725f2db3b3d61a80550b48308ea/ruff-0.15.10-py3-none-manylinux_2_17_s390x.manylinux2014_s390x.whl", hash = "sha256:0ee3ef42dab7078bda5ff6a1bcba8539e9857deb447132ad5566a038674540d0", size = 11496266 },
    { url = "https://files.pythonhosted.org/packages/bc/bb/7ddb00a83760ff4a83c4e2fc231fd63937cc7317c10c82f583302e0f6586/ruff-0.15.10-py3-none-manylinux_2_17_x86_64.manylinux2014_x86_64.whl", hash = "sha256:51cb8cc943e891ba99989dd92d61e29b1d231e14811db9be6440ecf25d5c1609", size = 11256418 },
    { url = "https://files.pythonhosted.org/packages/dc/8d/55de0d35aacf6cd50b6ee91ee0f291672080021896543776f4170fc5c454/ruff-0.15.10-py3-none-manylinux_2_31_riscv64.whl", hash = "sha256:e59c9bdc056a320fb9ea1700a8d591718b8faf78af065484e801258d3a76bc3f", size = 11288416 },
    { url = "https://files.pythonhosted.org/packages/68/cf/9438b1a27426ec46a80e0a718093c7f958ef72f43eb3111862949ead3cc1/ruff-0.15.10-py3-none-musllinux_1_2_aarch64.whl", hash = "sha256:136c00ca2f47b0018b073f28cb5c1506642a830ea941a60354b0e8bc8076b151", size = 10621053 },
    { url = "https://files.pythonhosted.org/packages/4c/50/e29be6e2c135e9cd4cb15fbade49d6a2717e009dff3766dd080fcb82e251/ruff-0.15.10-py3-none-musllinux_1_2_armv7l.whl", hash = "sha256:8b80a2f3c9c8a950d6237f2ca12b206bccff626139be9fa005f14feb881a1ae8", size = 10378302 },
    { url = "https://files.pythonhosted.org/packages/18/2f/e0b36a6f99c51bb89f3a30239bc7bf97e87a37ae80aa2d6542d6e5150364/ruff-0.15.10-py3-none-musllinux_1_2_i686.whl", hash = "sha256:e3e53c588164dc025b671c9df2462429d60357ea91af7e92e9d56c565a9f1b07", size = 10850074 },
    { url = "https://files.pythonhosted.org/packages/11/08/874da392558ce087a0f9b709dc6ec0d60cbc694c1c772dab8d5f31efe8cb/ruff-0.15.10-py3-none-musllinux_1_2_x86_64.whl", hash = "sha256:b0c52744cf9f143a393e284125d2576140b68264a93c6716464e129a3e9adb48", size = 11358051 },
    { url = "https://files.pythonhosted.org/packages/e4/46/602938f030adfa043e67112b73821024dc79f3ab4df5474c25fa4c1d2d14/ruff-0.15.10-py3-none-win32.whl", hash = "sha256:d4272e87e801e9a27a2e8df7b21011c909d9ddd82f4f3281d269b6ba19789ca5", size = 10588964 },
    { url = "https://files.pythonhosted.org/packages/25/b6/261225b875d7a13b33a6d02508c39c28450b2041bb01d0f7f1a83d569512/ruff-0.15.10-py3-none-win_amd64.whl", hash = "sha256:28cb32d53203242d403d819fd6983152489b12e4a3ae44993543d6fe62ab42ed", size = 11745044 },
    { url = "https://files.pythonhosted.org/packages/58/ed/dea90a65b7d9e69888890fb14c90d7f51bf0c1e82ad800aeb0160e4bacfd/ruff-0.15.10-py3-none-win_arm64.whl", hash = "sha256:601d1610a9e1f1c2165a4f561eeaa2e2ea1e97f3287c5aa258d3dab8b57c6188", size = 11035607 },
]
